
Microsoft Visual Studio Solution File, Format Version 12.00
# Visual Studio 14
VisualStudioVersion = 14.0.24720.0
MinimumVisualStudioVersion = 10.0.40219.1
Project("{FAE04EC0-301F-11D3-BF4B-00C04F79EFBC}") = "HelloWebApi", "HelloWebApi\HelloWebApi.csproj", "{73FD7378-080F-44CC-9750-C82031E5B27A}"
EndProject
Project("{FAE04EC0-301F-11D3-BF4B-00C04F79EFBC}") = "HelloWebApi.Tests", "HelloWebApi.Tests\HelloWebApi.Tests.csproj", "{6FDB69EC-3E57-4D8A-BF9C-34E2572E05B8}"
EndProject
Global
	GlobalSection(SolutionConfigurationPlatforms) = preSolution
		Debug|Any CPU = Debug|Any CPU
		Release|Any CPU = Release|Any CPU
	EndGlobalSection
	GlobalSection(ProjectConfigurationPlatforms) = postSolution
		{73FD7378-080F-44CC-9750-C82031E5B27A}.Debug|Any CPU.ActiveCfg = Debug|Any CPU
		{73FD7378-080F-44CC-9750-C82031E5B27A}.Debug|Any CPU.Build.0 = Debug|Any CPU
		{73FD7378-080F-44CC-9750-C82031E5B27A}.Release|Any CPU.ActiveCfg = Release|Any CPU
		{73FD7378-080F-44CC-9750-C82031E5B27A}.Release|Any CPU.Build.0 = Release|Any CPU
		{6FDB69EC-3E57-4D8A-BF9C-34E2572E05B8}.Debug|Any CPU.ActiveCfg = Debug|Any CPU
		{6FDB69EC-3E57-4D8A-BF9C-34E2572E05B8}.Debug|Any CPU.Build.0 = Debug|Any CPU
		{6FDB69EC-3E57-4D8A-BF9C-34E2572E05B8}.Release|Any CPU.ActiveCfg = Release|Any CPU
		{6FDB69EC-3E57-4D8A-BF9C-34E2572E05B8}.Release|Any CPU.Build.0 = Release|Any CPU
	EndGlobalSection
	GlobalSection(SolutionProperties) = preSolution
		HideSolutionNode = FALSE
	EndGlobalSection
EndGlobal
